
Microsoft Visual Studio Solution File, Format Version 12.00
# Visual Studio Version 17
VisualStudioVersion = 17.9.34622.214
MinimumVisualStudioVersion = 10.0.40219.1
Project("{FAE04EC0-301F-11D3-BF4B-00C04F79EFBC}") = "ClassesAndObjects", "ClassesAndObjects\ClassesAndObjects.csproj", "{8D83C420-81C1-41C3-87B7-B2F1701D604F}"
EndProject
Project("{FAE04EC0-301F-11D3-BF4B-00C04F79EFBC}") = "UsefulShortCuts", "UsefulShortCuts\UsefulShortCuts.csproj", "{D3995237-282B-403E-96D5-BA28678804D5}"
EndProject
Global
	GlobalSection(SolutionConfigurationPlatforms) = preSolution
		Debug|Any CPU = Debug|Any CPU
		Release|Any CPU = Release|Any CPU
	EndGlobalSection
	GlobalSection(ProjectConfigurationPlatforms) = postSolution
		{8D83C420-81C1-41C3-87B7-B2F1701D604F}.Debug|Any CPU.ActiveCfg = Debug|Any CPU
		{8D83C420-81C1-41C3-87B7-B2F1701D604F}.Debug|Any CPU.Build.0 = Debug|Any CPU
		{8D83C420-81C1-41C3-87B7-B2F1701D604F}.Release|Any CPU.ActiveCfg = Release|Any CPU
		{8D83C420-81C1-41C3-87B7-B2F1701D604F}.Release|Any CPU.Build.0 = Release|Any CPU
		{D3995237-282B-403E-96D5-BA28678804D5}.Debug|Any CPU.ActiveCfg = Debug|Any CPU
		{D3995237-282B-403E-96D5-BA28678804D5}.Debug|Any CPU.Build.0 = Debug|Any CPU
		{D3995237-282B-403E-96D5-BA28678804D5}.Release|Any CPU.ActiveCfg = Release|Any CPU
		{D3995237-282B-403E-96D5-BA28678804D5}.Release|Any CPU.Build.0 = Release|Any CPU
	EndGlobalSection
	GlobalSection(SolutionProperties) = preSolution
		HideSolutionNode = FALSE
	EndGlobalSection
	GlobalSection(ExtensibilityGlobals) = postSolution
		SolutionGuid = {87BCA6EC-0510-44C8-8674-B56A6BD81A1F}
	EndGlobalSection
EndGlobal
